// !$*UTF8*$!
{
	archiveVersion = 1;
	classes = {
	};
	objectVersion = 46;
	objects = {

/* Begin PBXBuildFile section */
		823CFAA81C7EA0DF003BF84F /* AppDelegate.swift in Sources */ = {isa = PBXBuildFile; fileRef = 823CFAA71C7EA0DF003BF84F /* AppDelegate.swift */; };
		823CFAAA1C7EA0DF003BF84F /* ViewController.swift in Sources */ = {isa = PBXBuildFile; fileRef = 823CFAA91C7EA0DF003BF84F /* ViewController.swift */; };
		823CFAAD1C7EA0DF003BF84F /* Main.storyboard in Resources */ = {isa = PBXBuildFile; fileRef = 823CFAAB1C7EA0DF003BF84F /* Main.storyboard */; };
		823CFAAF1C7EA0E0003BF84F /* Assets.xcassets in Resources */ = {isa = PBXBuildFile; fileRef = 823CFAAE1C7EA0E0003BF84F /* Assets.xcassets */; };
		823CFAB21C7EA0E0003BF84F /* LaunchScreen.storyboard in Resources */ = {isa = PBXBuildFile; fileRef = 823CFAB01C7EA0E0003BF84F /* LaunchScreen.storyboard */; };
/* End PBXBuildFile section */

/* Begin PBXFileReference section */
		823CFAA41C7EA0DF003BF84F /* SuperCool.app */ = {isa = PBXFileReference; explicitFileType = wrapper.application; includeInIndex = 0; path = SuperCool.app; sourceTree = BUILT_PRODUCTS_DIR; };
		823CFAA71C7EA0DF003BF84F /* AppDelegate.swift */ = {isa = PBXFileReference; lastKnownFileType = sourcecode.swift; path = AppDelegate.swift; sourceTree = "<group>"; };
		823CFAA91C7EA0DF003BF84F /* ViewController.swift */ = {isa = PBXFileReference; lastKnownFileType = sourcecode.swift; path = ViewController.swift; sourceTree = "<group>"; };
		823CFAAC1C7EA0DF003BF84F /* Base */ = {isa = PBXFileReference; lastKnownFileType = file.storyboard; name = Base; path = Base.lproj/Main.storyboard; sourceTree = "<group>"; };
		823CFAAE1C7EA0E0003BF84F /* Assets.xcassets */ = {isa = PBXFileReference; lastKnownFileType = folder.assetcatalog; path = Assets.xcassets; sourceTree = "<group>"; };
		823CFAB11C7EA0E0003BF84F /* Base */ = {isa = PBXFileReference; lastKnownFileType = file.storyboard; name = Base; path = Base.lproj/LaunchScreen.storyboard; sourceTree = "<group>"; };
		823CFAB31C7EA0E0003BF84F /* Info.plist */ = {isa = PBXFileReference; lastKnownFileType = text.plist.xml; path = Info.plist; sourceTree = "<group>"; };
/* End PBXFileReference section */

/* Begin PBXFrameworksBuildPhase section */
		823CFAA11C7EA0DF003BF84F /* Frameworks */ = {
			isa = PBXFrameworksBuildPhase;
			buildActionMask = 2147483647;
			files = (
			);
			runOnlyForDeploymentPostprocessing = 0;
		};
/* End PBXFrameworksBuildPhase section */

/* Begin PBXGroup section */
		823CFA9B1C7EA0DF003BF84F = {
			isa = PBXGroup;
			children = (
				823CFAA61C7EA0DF003BF84F /* SuperCool */,
				823CFAA51C7EA0DF003BF84F /* Products */,
			);
			sourceTree = "<group>";
		};
		823CFAA51C7EA0DF003BF84F /* Products */ = {
			isa = PBXGroup;
			children = (
				823CFAA41C7EA0DF003BF84F /* SuperCool.app */,
			);
			name = Products;
			sourceTree = "<group>";
		};
		823CFAA61C7EA0DF003BF84F /* SuperCool */ = {
			isa = PBXGroup;
			children = (
				823CFAA71C7EA0DF003BF84F /* AppDelegate.swift */,
				823CFAA91C7EA0DF003BF84F /* ViewController.swift */,
				823CFAAB1C7EA0DF003BF84F /* Main.storyboard */,
				823CFAAE1C7EA0E0003BF84F /* Assets.xcassets */,
				823CFAB01C7EA0E0003BF84F /* LaunchScreen.storyboard */,
				823CFAB31C7EA0E0003BF84F /* Info.plist */,
			);
			path = SuperCool;
			sourceTree = "<group>";
		};
/* End PBXGroup section */

/* Begin PBXNativeTarget section */
		823CFAA31C7EA0DF003BF84F /* SuperCool */ = {
			isa = PBXNativeTarget;
			buildConfigurationList = 823CFAB61C7EA0E1003BF84F /* Build configuration list for PBXNativeTarget "SuperCool" */;
			buildPhases = (
				823CFAA01C7EA0DF003BF84F /* Sources */,
				823CFAA11C7EA0DF003BF84F /* Frameworks */,
				823CFAA21C7EA0DF003BF84F /* Resources */,
			);
			buildRules = (
			);
			dependencies = (
			);
			name = SuperCool;
			productName = SuperCool;
			productReference = 823CFAA41C7EA0DF003BF84F /* SuperCool.app */;
			productType = "com.apple.product-type.application";
		};
/* End PBXNativeTarget section */

/* Begin PBXProject section */
		823CFA9C1C7EA0DF003BF84F /* Project object */ = {
			isa = PBXProject;
			attributes = {
				LastSwiftUpdateCheck = 0720;
				LastUpgradeCheck = 0720;
				ORGANIZATIONNAME = "Venkat Yarlagadda";
				TargetAttributes = {
					823CFAA31C7EA0DF003BF84F = {
						CreatedOnToolsVersion = 7.2.1;
						DevelopmentTeam = 32T2326ZCA;
					};
				};
			};
			buildConfigurationList = 823CFA9F1C7EA0DF003BF84F /* Build configuration list for PBXProject "SuperCool" */;
			compatibilityVersion = "Xcode 3.2";
			developmentRegion = English;
			hasScannedForEncodings = 0;
			knownRegions = (
				en,
				Base,
			);
			mainGroup = 823CFA9B1C7EA0DF003BF84F;
			productRefGroup = 823CFAA51C7EA0DF003BF84F /* Products */;
			projectDirPath = "";
			projectRoot = "";
			targets = (
				823CFAA31C7EA0DF003BF84F /* SuperCool */,
			);
		};
/* End PBXProject section */

/* Begin PBXResourcesBuildPhase section */
		823CFAA21C7EA0DF003BF84F /* Resources */ = {
			isa = PBXResourcesBuildPhase;
			buildActionMask = 2147483647;
			files = (
				823CFAB21C7EA0E0003BF84F /* LaunchScreen.storyboard in Resources */,
				823CFAAF1C7EA0E0003BF84F /* Assets.xcassets in Resources */,
				823CFAAD1C7EA0DF003BF84F /* Main.storyboard in Resources */,
			);
			runOnlyForDeploymentPostprocessing = 0;
		};
/* End PBXResourcesBuildPhase section */

/* Begin PBXSourcesBuildPhase section */
		823CFAA01C7EA0DF003BF84F /* Sources */ = {
			isa = PBXSourcesBuildPhase;
			buildActionMask = 2147483647;
			files = (
				823CFAAA1C7EA0DF003BF84F /* ViewController.swift in Sources */,
				823CFAA81C7EA0DF003BF84F /* AppDelegate.swift in Sources */,
			);
			runOnlyForDeploymentPostprocessing = 0;
		};
/* End PBXSourcesBuildPhase section */

/* Begin PBXVariantGroup section */
		823CFAAB1C7EA0DF003BF84F /* Main.storyboard */ = {
			isa = PBXVariantGroup;
			children = (
				823CFAAC1C7EA0DF003BF84F /* Base */,
			);
			name = Main.storyboard;
			sourceTree = "<group>";
		};
		823CFAB01C7EA0E0003BF84F /* LaunchScreen.storyboard */ = {
			isa = PBXVariantGroup;
			children = (
				823CFAB11C7EA0E0003BF84F /* Base */,
			);
			name = LaunchScreen.storyboard;
			sourceTree = "<group>";
		};
/* End PBXVariantGroup section */

/* Begin XCBuildConfiguration section */
		823CFAB41C7EA0E1003BF84F /* Debug */ = {
			isa = XCBuildConfiguration;
			buildSettings = {
				ALWAYS_SEARCH_USER_PATHS = NO;
				CLANG_CXX_LANGUAGE_STANDARD = "gnu++0x";
				CLANG_CXX_LIBRARY = "libc++";
				CLANG_ENABLE_MODULES = YES;
				CLANG_ENABLE_OBJC_ARC = YES;
				CLANG_WARN_BOOL_CONVERSION = YES;
				CLANG_WARN_CONSTANT_CONVERSION = YES;
				CLANG_WARN_DIRECT_OBJC_ISA_USAGE = YES_ERROR;
				CLANG_WARN_EMPTY_BODY = YES;
				CLANG_WARN_ENUM_CONVERSION = YES;
				CLANG_WARN_INT_CONVERSION = YES;
				CLANG_WARN_OBJC_ROOT_CLASS = YES_ERROR;
				CLANG_WARN_UNREACHABLE_CODE = YES;
				CLANG_WARN__DUPLICATE_METHOD_MATCH = YES;
				"CODE_SIGN_IDENTITY[sdk=iphoneos*]" = "iPhone Developer";
				COPY_PHASE_STRIP = NO;
				DEBUG_INFORMATION_FORMAT = dwarf;
				ENABLE_STRICT_OBJC_MSGSEND = YES;
				ENABLE_TESTABILITY = YES;
				GCC_C_LANGUAGE_STANDARD = gnu99;
				GCC_DYNAMIC_NO_PIC = NO;
				GCC_NO_COMMON_BLOCKS = YES;
				GCC_OPTIMIZATION_LEVEL = 0;
				GCC_PREPROCESSOR_DEFINITIONS = (
					"DEBUG=1",
					"$(inherited)",
				);
				GCC_WARN_64_TO_32_BIT_CONVERSION = YES;
				GCC_WARN_ABOUT_RETURN_TYPE = YES_ERROR;
				GCC_WARN_UNDECLARED_SELECTOR = YES;
				GCC_WARN_UNINITIALIZED_AUTOS = YES_AGGRESSIVE;
				GCC_WARN_UNUSED_FUNCTION = YES;
				GCC_WARN_UNUSED_VARIABLE = YES;
				IPHONEOS_DEPLOYMENT_TARGET = 9.2;
				MTL_ENABLE_DEBUG_INFO = YES;
				ONLY_ACTIVE_ARCH = YES;
				SDKROOT = iphoneos;
				SWIFT_OPTIMIZATION_LEVEL = "-Onone";
			};
			name = Debug;
		};
		823CFAB51C7EA0E1003BF84F /* Release */ = {
			isa = XCBuildConfiguration;
			buildSettings = {
				ALWAYS_SEARCH_USER_PATHS = NO;
				CLANG_CXX_LANGUAGE_STANDARD = "gnu++0x";
				CLANG_CXX_LIBRARY = "libc++";
				CLANG_ENABLE_MODULES = YES;
				CLANG_ENABLE_OBJC_ARC = YES;
				CLANG_WARN_BOOL_CONVERSION = YES;
				CLANG_WARN_CONSTANT_CONVERSION = YES;
				CLANG_WARN_DIRECT_OBJC_ISA_USAGE = YES_ERROR;
				CLANG_WARN_EMPTY_BODY = YES;
				CLANG_WARN_ENUM_CONVERSION = YES;
				CLANG_WARN_INT_CONVERSION = YES;
				CLANG_WARN_OBJC_ROOT_CLASS = YES_ERROR;
				CLANG_WARN_UNREACHABLE_CODE = YES;
				CLANG_WARN__DUPLICATE_METHOD_MATCH = YES;
				"CODE_SIGN_IDENTITY[sdk=iphoneos*]" = "iPhone Developer";
				COPY_PHASE_STRIP = NO;
				DEBUG_INFORMATION_FORMAT = "dwarf-with-dsym";
				ENABLE_NS_ASSERTIONS = NO;
				ENABLE_STRICT_OBJC_MSGSEND = YES;
				GCC_C_LANGUAGE_STANDARD = gnu99;
				GCC_NO_COMMON_BLOCKS = YES;
				GCC_WARN_64_TO_32_BIT_CONVERSION = YES;
				GCC_WARN_ABOUT_RETURN_TYPE = YES_ERROR;
				GCC_WARN_UNDECLARED_SELECTOR = YES;
				GCC_WARN_UNINITIALIZED_AUTOS = YES_AGGRESSIVE;
				GCC_WARN_UNUSED_FUNCTION = YES;
				GCC_WARN_UNUSED_VARIABLE = YES;
				IPHONEOS_DEPLOYMENT_TARGET = 9.2;
				MTL_ENABLE_DEBUG_INFO = NO;
				SDKROOT = iphoneos;
				VALIDATE_PRODUCT = YES;
			};
			name = Release;
		};
		823CFAB71C7EA0E1003BF84F /* Debug */ = {
			isa = XCBuildConfiguration;
			buildSettings = {
				ASSETCATALOG_COMPILER_APPICON_NAME = AppIcon;
				CODE_SIGN_IDENTITY = "iPhone Developer";
				"CODE_SIGN_IDENTITY[sdk=iphoneos*]" = "iPhone Developer";
				INFOPLIST_FILE = SuperCool/Info.plist;
				LD_RUNPATH_SEARCH_PATHS = "$(inherited) @executable_path/Frameworks";
				PRODUCT_BUNDLE_IDENTIFIER = com.venkatYarlagadda.SuperCool;
				PRODUCT_NAME = "$(TARGET_NAME)";
				PROVISIONING_PROFILE = "";
				TARGETED_DEVICE_FAMILY = 1;
			};
			name = Debug;
		};
		823CFAB81C7EA0E1003BF84F /* Release */ = {
			isa = XCBuildConfiguration;
			buildSettings = {
				ASSETCATALOG_COMPILER_APPICON_NAME = AppIcon;
				CODE_SIGN_IDENTITY = "iPhone Developer";
				"CODE_SIGN_IDENTITY[sdk=iphoneos*]" = "iPhone Developer";
				INFOPLIST_FILE = SuperCool/Info.plist;
				LD_RUNPATH_SEARCH_PATHS = "$(inherited) @executable_path/Frameworks";
				PRODUCT_BUNDLE_IDENTIFIER = com.venkatYarlagadda.SuperCool;
				PRODUCT_NAME = "$(TARGET_NAME)";
				PROVISIONING_PROFILE = "";
				TARGETED_DEVICE_FAMILY = 1;
			};
			name = Release;
		};
/* End XCBuildConfiguration section */

/* Begin XCConfigurationList section */
		823CFA9F1C7EA0DF003BF84F /* Build configuration list for PBXProject "SuperCool" */ = {
			isa = XCConfigurationList;
			buildConfigurations = (
				823CFAB41C7EA0E1003BF84F /* Debug */,
				823CFAB51C7EA0E1003BF84F /* Release */,
			);
			defaultConfigurationIsVisible = 0;
			defaultConfigurationName = Release;
		};
		823CFAB61C7EA0E1003BF84F /* Build configuration list for PBXNativeTarget "SuperCool" */ = {
			isa = XCConfigurationList;
			buildConfigurations = (
				823CFAB71C7EA0E1003BF84F /* Debug */,
				823CFAB81C7EA0E1003BF84F /* Release */,
			);
			defaultConfigurationIsVisible = 0;
		};
/* End XCConfigurationList section */
	};
	rootObject = 823CFA9C1C7EA0DF003BF84F /* Project object */;
}
